// !$*UTF8*$!
{
	archiveVersion = 1;
	classes = {
	};
	objectVersion = 50;
	objects = {

/* Begin PBXBuildFile section */
		354CE47C24815DE700393339 /* AppDelegate.swift in Sources */ = {isa = PBXBuildFile; fileRef = 354CE47B24815DE700393339 /* AppDelegate.swift */; };
		354CE47E24815DE700393339 /* SceneDelegate.swift in Sources */ = {isa = PBXBuildFile; fileRef = 354CE47D24815DE700393339 /* SceneDelegate.swift */; };
		354CE48024815DE700393339 /* ContentView.swift in Sources */ = {isa = PBXBuildFile; fileRef = 354CE47F24815DE700393339 /* ContentView.swift */; };
		354CE48224815DEA00393339 /* Assets.xcassets in Resources */ = {isa = PBXBuildFile; fileRef = 354CE48124815DEA00393339 /* Assets.xcassets */; };
		354CE48524815DEA00393339 /* Preview Assets.xcassets in Resources */ = {isa = PBXBuildFile; fileRef = 354CE48424815DEA00393339 /* Preview Assets.xcassets */; };
		354CE48824815DEA00393339 /* LaunchScreen.storyboard in Resources */ = {isa = PBXBuildFile; fileRef = 354CE48624815DEA00393339 /* LaunchScreen.storyboard */; };
		354CE490248177C100393339 /* ItemRepository.swift in Sources */ = {isa = PBXBuildFile; fileRef = 354CE48F248177C100393339 /* ItemRepository.swift */; };
/* End PBXBuildFile section */

/* Begin PBXFileReference section */
		354CE47824815DE700393339 /* ListSectionBug.app */ = {isa = PBXFileReference; explicitFileType = wrapper.application; includeInIndex = 0; path = ListSectionBug.app; sourceTree = BUILT_PRODUCTS_DIR; };
		354CE47B24815DE700393339 /* AppDelegate.swift */ = {isa = PBXFileReference; lastKnownFileType = sourcecode.swift; path = AppDelegate.swift; sourceTree = "<group>"; };
		354CE47D24815DE700393339 /* SceneDelegate.swift */ = {isa = PBXFileReference; lastKnownFileType = sourcecode.swift; path = SceneDelegate.swift; sourceTree = "<group>"; };
		354CE47F24815DE700393339 /* ContentView.swift */ = {isa = PBXFileReference; lastKnownFileType = sourcecode.swift; path = ContentView.swift; sourceTree = "<group>"; };
		354CE48124815DEA00393339 /* Assets.xcassets */ = {isa = PBXFileReference; lastKnownFileType = folder.assetcatalog; path = Assets.xcassets; sourceTree = "<group>"; };
		354CE48424815DEA00393339 /* Preview Assets.xcassets */ = {isa = PBXFileReference; lastKnownFileType = folder.assetcatalog; path = "Preview Assets.xcassets"; sourceTree = "<group>"; };
		354CE48724815DEA00393339 /* Base */ = {isa = PBXFileReference; lastKnownFileType = file.storyboard; name = Base; path = Base.lproj/LaunchScreen.storyboard; sourceTree = "<group>"; };
		354CE48924815DEA00393339 /* Info.plist */ = {isa = PBXFileReference; lastKnownFileType = text.plist.xml; path = Info.plist; sourceTree = "<group>"; };
		354CE48F248177C100393339 /* ItemRepository.swift */ = {isa = PBXFileReference; lastKnownFileType = sourcecode.swift; path = ItemRepository.swift; sourceTree = "<group>"; };
/* End PBXFileReference section */

/* Begin PBXFrameworksBuildPhase section */
		354CE47524815DE700393339 /* Frameworks */ = {
			isa = PBXFrameworksBuildPhase;
			buildActionMask = 2147483647;
			files = (
			);
			runOnlyForDeploymentPostprocessing = 0;
		};
/* End PBXFrameworksBuildPhase section */

/* Begin PBXGroup section */
		354CE46F24815DE700393339 = {
			isa = PBXGroup;
			children = (
				354CE47A24815DE700393339 /* ListSectionBug */,
				354CE47924815DE700393339 /* Products */,
			);
			sourceTree = "<group>";
		};
		354CE47924815DE700393339 /* Products */ = {
			isa = PBXGroup;
			children = (
				354CE47824815DE700393339 /* ListSectionBug.app */,
			);
			name = Products;
			sourceTree = "<group>";
		};
		354CE47A24815DE700393339 /* ListSectionBug */ = {
			isa = PBXGroup;
			children = (
				354CE47B24815DE700393339 /* AppDelegate.swift */,
				354CE47D24815DE700393339 /* SceneDelegate.swift */,
				354CE47F24815DE700393339 /* ContentView.swift */,
				354CE48F248177C100393339 /* ItemRepository.swift */,
				354CE48124815DEA00393339 /* Assets.xcassets */,
				354CE48624815DEA00393339 /* LaunchScreen.storyboard */,
				354CE48924815DEA00393339 /* Info.plist */,
				354CE48324815DEA00393339 /* Preview Content */,
			);
			path = ListSectionBug;
			sourceTree = "<group>";
		};
		354CE48324815DEA00393339 /* Preview Content */ = {
			isa = PBXGroup;
			children = (
				354CE48424815DEA00393339 /* Preview Assets.xcassets */,
			);
			path = "Preview Content";
			sourceTree = "<group>";
		};
/* End PBXGroup section */

/* Begin PBXNativeTarget section */
		354CE47724815DE700393339 /* ListSectionBug */ = {
			isa = PBXNativeTarget;
			buildConfigurationList = 354CE48C24815DEA00393339 /* Build configuration list for PBXNativeTarget "ListSectionBug" */;
			buildPhases = (
				354CE47424815DE700393339 /* Sources */,
				354CE47524815DE700393339 /* Frameworks */,
				354CE47624815DE700393339 /* Resources */,
			);
			buildRules = (
			);
			dependencies = (
			);
			name = ListSectionBug;
			productName = ListSectionBug;
			productReference = 354CE47824815DE700393339 /* ListSectionBug.app */;
			productType = "com.apple.product-type.application";
		};
/* End PBXNativeTarget section */

/* Begin PBXProject section */
		354CE47024815DE700393339 /* Project object */ = {
			isa = PBXProject;
			attributes = {
				LastSwiftUpdateCheck = 1140;
				LastUpgradeCheck = 1140;
				ORGANIZATIONNAME = "Jeremy Gale";
				TargetAttributes = {
					354CE47724815DE700393339 = {
						CreatedOnToolsVersion = 11.4.1;
					};
				};
			};
			buildConfigurationList = 354CE47324815DE700393339 /* Build configuration list for PBXProject "ListSectionBug" */;
			compatibilityVersion = "Xcode 9.3";
			developmentRegion = en;
			hasScannedForEncodings = 0;
			knownRegions = (
				en,
				Base,
			);
			mainGroup = 354CE46F24815DE700393339;
			productRefGroup = 354CE47924815DE700393339 /* Products */;
			projectDirPath = "";
			projectRoot = "";
			targets = (
				354CE47724815DE700393339 /* ListSectionBug */,
			);
		};
/* End PBXProject section */

/* Begin PBXResourcesBuildPhase section */
		354CE47624815DE700393339 /* Resources */ = {
			isa = PBXResourcesBuildPhase;
			buildActionMask = 2147483647;
			files = (
				354CE48824815DEA00393339 /* LaunchScreen.storyboard in Resources */,
				354CE48524815DEA00393339 /* Preview Assets.xcassets in Resources */,
				354CE48224815DEA00393339 /* Assets.xcassets in Resources */,
			);
			runOnlyForDeploymentPostprocessing = 0;
		};
/* End PBXResourcesBuildPhase section */

/* Begin PBXSourcesBuildPhase section */
		354CE47424815DE700393339 /* Sources */ = {
			isa = PBXSourcesBuildPhase;
			buildActionMask = 2147483647;
			files = (
				354CE47C24815DE700393339 /* AppDelegate.swift in Sources */,
				354CE47E24815DE700393339 /* SceneDelegate.swift in Sources */,
				354CE490248177C100393339 /* ItemRepository.swift in Sources */,
				354CE48024815DE700393339 /* ContentView.swift in Sources */,
			);
			runOnlyForDeploymentPostprocessing = 0;
		};
/* End PBXSourcesBuildPhase section */

/* Begin PBXVariantGroup section */
		354CE48624815DEA00393339 /* LaunchScreen.storyboard */ = {
			isa = PBXVariantGroup;
			children = (
				354CE48724815DEA00393339 /* Base */,
			);
			name = LaunchScreen.storyboard;
			sourceTree = "<group>";
		};
/* End PBXVariantGroup section */

/* Begin XCBuildConfiguration section */
		354CE48A24815DEA00393339 /* Debug */ = {
			isa = XCBuildConfiguration;
			buildSettings = {
				ALWAYS_SEARCH_USER_PATHS = NO;
				CLANG_ANALYZER_NONNULL = YES;
				CLANG_ANALYZER_NUMBER_OBJECT_CONVERSION = YES_AGGRESSIVE;
				CLANG_CXX_LANGUAGE_STANDARD = "gnu++14";
				CLANG_CXX_LIBRARY = "libc++";
				CLANG_ENABLE_MODULES = YES;
				CLANG_ENABLE_OBJC_ARC = YES;
				CLANG_ENABLE_OBJC_WEAK = YES;
				CLANG_WARN_BLOCK_CAPTURE_AUTORELEASING = YES;
				CLANG_WARN_BOOL_CONVERSION = YES;
				CLANG_WARN_COMMA = YES;
				CLANG_WARN_CONSTANT_CONVERSION = YES;
				CLANG_WARN_DEPRECATED_OBJC_IMPLEMENTATIONS = YES;
				CLANG_WARN_DIRECT_OBJC_ISA_USAGE = YES_ERROR;
				CLANG_WARN_DOCUMENTATION_COMMENTS = YES;
				CLANG_WARN_EMPTY_BODY = YES;
				CLANG_WARN_ENUM_CONVERSION = YES;
				CLANG_WARN_INFINITE_RECURSION = YES;
				CLANG_WARN_INT_CONVERSION = YES;
				CLANG_WARN_NON_LITERAL_NULL_CONVERSION = YES;
				CLANG_WARN_OBJC_IMPLICIT_RETAIN_SELF = YES;
				CLANG_WARN_OBJC_LITERAL_CONVERSION = YES;
				CLANG_WARN_OBJC_ROOT_CLASS = YES_ERROR;
				CLANG_WARN_RANGE_LOOP_ANALYSIS = YES;
				CLANG_WARN_STRICT_PROTOTYPES = YES;
				CLANG_WARN_SUSPICIOUS_MOVE = YES;
				CLANG_WARN_UNGUARDED_AVAILABILITY = YES_AGGRESSIVE;
				CLANG_WARN_UNREACHABLE_CODE = YES;
				CLANG_WARN__DUPLICATE_METHOD_MATCH = YES;
				COPY_PHASE_STRIP = NO;
				DEBUG_INFORMATION_FORMAT = dwarf;
				ENABLE_STRICT_OBJC_MSGSEND = YES;
				ENABLE_TESTABILITY = YES;
				GCC_C_LANGUAGE_STANDARD = gnu11;
				GCC_DYNAMIC_NO_PIC = NO;
				GCC_NO_COMMON_BLOCKS = YES;
				GCC_OPTIMIZATION_LEVEL = 0;
				GCC_PREPROCESSOR_DEFINITIONS = (
					"DEBUG=1",
					"$(inherited)",
				);
				GCC_WARN_64_TO_32_BIT_CONVERSION = YES;
				GCC_WARN_ABOUT_RETURN_TYPE = YES_ERROR;
				GCC_WARN_UNDECLARED_SELECTOR = YES;
				GCC_WARN_UNINITIALIZED_AUTOS = YES_AGGRESSIVE;
				GCC_WARN_UNUSED_FUNCTION = YES;
				GCC_WARN_UNUSED_VARIABLE = YES;
				IPHONEOS_DEPLOYMENT_TARGET = 13.4;
				MTL_ENABLE_DEBUG_INFO = INCLUDE_SOURCE;
				MTL_FAST_MATH = YES;
				ONLY_ACTIVE_ARCH = YES;
				SDKROOT = iphoneos;
				SWIFT_ACTIVE_COMPILATION_CONDITIONS = DEBUG;
				SWIFT_OPTIMIZATION_LEVEL = "-Onone";
			};
			name = Debug;
		};
		354CE48B24815DEA00393339 /* Release */ = {
			isa = XCBuildConfiguration;
			buildSettings = {
				ALWAYS_SEARCH_USER_PATHS = NO;
				CLANG_ANALYZER_NONNULL = YES;
				CLANG_ANALYZER_NUMBER_OBJECT_CONVERSION = YES_AGGRESSIVE;
				CLANG_CXX_LANGUAGE_STANDARD = "gnu++14";
				CLANG_CXX_LIBRARY = "libc++";
				CLANG_ENABLE_MODULES = YES;
				CLANG_ENABLE_OBJC_ARC = YES;
				CLANG_ENABLE_OBJC_WEAK = YES;
				CLANG_WARN_BLOCK_CAPTURE_AUTORELEASING = YES;
				CLANG_WARN_BOOL_CONVERSION = YES;
				CLANG_WARN_COMMA = YES;
				CLANG_WARN_CONSTANT_CONVERSION = YES;
				CLANG_WARN_DEPRECATED_OBJC_IMPLEMENTATIONS = YES;
				CLANG_WARN_DIRECT_OBJC_ISA_USAGE = YES_ERROR;
				CLANG_WARN_DOCUMENTATION_COMMENTS = YES;
				CLANG_WARN_EMPTY_BODY = YES;
				CLANG_WARN_ENUM_CONVERSION = YES;
				CLANG_WARN_INFINITE_RECURSION = YES;
				CLANG_WARN_INT_CONVERSION = YES;
				CLANG_WARN_NON_LITERAL_NULL_CONVERSION = YES;
				CLANG_WARN_OBJC_IMPLICIT_RETAIN_SELF = YES;
				CLANG_WARN_OBJC_LITERAL_CONVERSION = YES;
				CLANG_WARN_OBJC_ROOT_CLASS = YES_ERROR;
				CLANG_WARN_RANGE_LOOP_ANALYSIS = YES;
				CLANG_WARN_STRICT_PROTOTYPES = YES;
				CLANG_WARN_SUSPICIOUS_MOVE = YES;
				CLANG_WARN_UNGUARDED_AVAILABILITY = YES_AGGRESSIVE;
				CLANG_WARN_UNREACHABLE_CODE = YES;
				CLANG_WARN__DUPLICATE_METHOD_MATCH = YES;
				COPY_PHASE_STRIP = NO;
				DEBUG_INFORMATION_FORMAT = "dwarf-with-dsym";
				ENABLE_NS_ASSERTIONS = NO;
				ENABLE_STRICT_OBJC_MSGSEND = YES;
				GCC_C_LANGUAGE_STANDARD = gnu11;
				GCC_NO_COMMON_BLOCKS = YES;
				GCC_WARN_64_TO_32_BIT_CONVERSION = YES;
				GCC_WARN_ABOUT_RETURN_TYPE = YES_ERROR;
				GCC_WARN_UNDECLARED_SELECTOR = YES;
				GCC_WARN_UNINITIALIZED_AUTOS = YES_AGGRESSIVE;
				GCC_WARN_UNUSED_FUNCTION = YES;
				GCC_WARN_UNUSED_VARIABLE = YES;
				IPHONEOS_DEPLOYMENT_TARGET = 13.4;
				MTL_ENABLE_DEBUG_INFO = NO;
				MTL_FAST_MATH = YES;
				SDKROOT = iphoneos;
				SWIFT_COMPILATION_MODE = wholemodule;
				SWIFT_OPTIMIZATION_LEVEL = "-O";
				VALIDATE_PRODUCT = YES;
			};
			name = Release;
		};
		354CE48D24815DEA00393339 /* Debug */ = {
			isa = XCBuildConfiguration;
			buildSettings = {
				ASSETCATALOG_COMPILER_APPICON_NAME = AppIcon;
				CODE_SIGN_STYLE = Automatic;
				DEVELOPMENT_ASSET_PATHS = "\"ListSectionBug/Preview Content\"";
				DEVELOPMENT_TEAM = WT2BYWJSRV;
				ENABLE_PREVIEWS = YES;
				INFOPLIST_FILE = ListSectionBug/Info.plist;
				LD_RUNPATH_SEARCH_PATHS = (
					"$(inherited)",
					"@executable_path/Frameworks",
				);
				PRODUCT_BUNDLE_IDENTIFIER = com.2230969.alberta.ltd.ListSectionBug;
				PRODUCT_NAME = "$(TARGET_NAME)";
				SWIFT_VERSION = 5.0;
				TARGETED_DEVICE_FAMILY = "1,2";
			};
			name = Debug;
		};
		354CE48E24815DEA00393339 /* Release */ = {
			isa = XCBuildConfiguration;
			buildSettings = {
				ASSETCATALOG_COMPILER_APPICON_NAME = AppIcon;
				CODE_SIGN_STYLE = Automatic;
				DEVELOPMENT_ASSET_PATHS = "\"ListSectionBug/Preview Content\"";
				DEVELOPMENT_TEAM = WT2BYWJSRV;
				ENABLE_PREVIEWS = YES;
				INFOPLIST_FILE = ListSectionBug/Info.plist;
				LD_RUNPATH_SEARCH_PATHS = (
					"$(inherited)",
					"@executable_path/Frameworks",
				);
				PRODUCT_BUNDLE_IDENTIFIER = com.2230969.alberta.ltd.ListSectionBug;
				PRODUCT_NAME = "$(TARGET_NAME)";
				SWIFT_VERSION = 5.0;
				TARGETED_DEVICE_FAMILY = "1,2";
			};
			name = Release;
		};
/* End XCBuildConfiguration section */

/* Begin XCConfigurationList section */
		354CE47324815DE700393339 /* Build configuration list for PBXProject "ListSectionBug" */ = {
			isa = XCConfigurationList;
			buildConfigurations = (
				354CE48A24815DEA00393339 /* Debug */,
				354CE48B24815DEA00393339 /* Release */,
			);
			defaultConfigurationIsVisible = 0;
			defaultConfigurationName = Release;
		};
		354CE48C24815DEA00393339 /* Build configuration list for PBXNativeTarget "ListSectionBug" */ = {
			isa = XCConfigurationList;
			buildConfigurations = (
				354CE48D24815DEA00393339 /* Debug */,
				354CE48E24815DEA00393339 /* Release */,
			);
			defaultConfigurationIsVisible = 0;
			defaultConfigurationName = Release;
		};
/* End XCConfigurationList section */
	};
	rootObject = 354CE47024815DE700393339 /* Project object */;
}
